
Microsoft Visual Studio Solution File, Format Version 12.00
# Visual Studio Version 17
VisualStudioVersion = 17.7.34302.85
MinimumVisualStudioVersion = 10.0.40219.1
Project("{9A19103F-16F7-4668-BE54-9A1E7A4F7556}") = "ScannerMonitor", "ScannerMonitor\ScannerMonitor.csproj", "{EA8A4550-D7CA-416C-A02F-BAFEC9FE80BB}"
EndProject
Project("{2150E333-8FDC-42A3-9474-1A3956D46DE8}") = "Solution Items", "Solution Items", "{DC8D8E33-B79F-4D65-A528-0020D590B268}"
	ProjectSection(SolutionItems) = preProject
		Directory.Build.props = Directory.Build.props
		Directory.Build.targets = Directory.Build.targets
	EndProjectSection
EndProject
Global
	GlobalSection(SolutionConfigurationPlatforms) = preSolution
		BelowZero|Any CPU = BelowZero|Any CPU
		Subnautica|Any CPU = Subnautica|Any CPU
	EndGlobalSection
	GlobalSection(ProjectConfigurationPlatforms) = postSolution
		{EA8A4550-D7CA-416C-A02F-BAFEC9FE80BB}.BelowZero|Any CPU.ActiveCfg = BelowZero|Any CPU
		{EA8A4550-D7CA-416C-A02F-BAFEC9FE80BB}.BelowZero|Any CPU.Build.0 = BelowZero|Any CPU
		{EA8A4550-D7CA-416C-A02F-BAFEC9FE80BB}.Subnautica|Any CPU.ActiveCfg = Subnautica|Any CPU
		{EA8A4550-D7CA-416C-A02F-BAFEC9FE80BB}.Subnautica|Any CPU.Build.0 = Subnautica|Any CPU
	EndGlobalSection
	GlobalSection(SolutionProperties) = preSolution
		HideSolutionNode = FALSE
	EndGlobalSection
	GlobalSection(ExtensibilityGlobals) = postSolution
		SolutionGuid = {49D8B495-63BC-4E4E-AD9B-D06723A7D623}
	EndGlobalSection
EndGlobal
