Microsoft Visual Studio Solution File, Format Version 12.00# Visual Studio 15Project("{FAE04EC0-301F-11D3-BF4B-00C04F79EFBC}") = "ScannerMonitor", "ScannerMonitor.csproj", "{70FCD7D5-EABD-BCE9-6934-A23BAE150CCD}"EndProjectProject("{FAE04EC0-301F-11D3-BF4B-00C04F79EFBC}") = "ScannerMonitor", "ScannerMonitor.Player.csproj", "{B86F840D-A49D-FFB3-D53B-E82D71A7B657}"EndProjectProject("{FAE04EC0-301F-11D3-BF4B-00C04F79EFBC}") = "ThunderKit.Assets", "ThunderKit.Assets.csproj", "{a320f128-c23c-35ad-4d4f-9ca650912c85}"EndProjectGlobal	GlobalSection(SolutionConfigurationPlatforms) = preSolution		Debug|Any CPU = Debug|Any CPU		Release|Any CPU = Release|Any CPU	EndGlobalSection	GlobalSection(ProjectConfigurationPlatforms) = postSolution		{70FCD7D5-EABD-BCE9-6934-A23BAE150CCD}.Debug|Any CPU.ActiveCfg = Debug|Any CPU		{70FCD7D5-EABD-BCE9-6934-A23BAE150CCD}.Debug|Any CPU.Build.0 = Debug|Any CPU		{70FCD7D5-EABD-BCE9-6934-A23BAE150CCD}.Release|Any CPU.ActiveCfg = Release|Any CPU		{70FCD7D5-EABD-BCE9-6934-A23BAE150CCD}.Release|Any CPU.Build.0 = Release|Any CPU		{B86F840D-A49D-FFB3-D53B-E82D71A7B657}.Debug|Any CPU.ActiveCfg = Debug|Any CPU		{B86F840D-A49D-FFB3-D53B-E82D71A7B657}.Debug|Any CPU.Build.0 = Debug|Any CPU		{B86F840D-A49D-FFB3-D53B-E82D71A7B657}.Release|Any CPU.ActiveCfg = Release|Any CPU		{B86F840D-A49D-FFB3-D53B-E82D71A7B657}.Release|Any CPU.Build.0 = Release|Any CPU	EndGlobalSection	GlobalSection(SolutionProperties) = preSolution		HideSolutionNode = FALSE	EndGlobalSectionEndGlobal